
Microsoft Visual Studio Solution File, Format Version 12.00
# Visual Studio Version 17
VisualStudioVersion = 17.13.35919.96 d17.13
MinimumVisualStudioVersion = 10.0.40219.1
Project("{FAE04EC0-301F-11D3-BF4B-00C04F79EFBC}") = "디자인패턴", "디자인패턴\디자인패턴.csproj", "{4EE1A8EE-F539-4D5A-8084-644CDB4A26DD}"
EndProject
Global
	GlobalSection(SolutionConfigurationPlatforms) = preSolution
		Debug|Any CPU = Debug|Any CPU
		Release|Any CPU = Release|Any CPU
	EndGlobalSection
	GlobalSection(ProjectConfigurationPlatforms) = postSolution
		{4EE1A8EE-F539-4D5A-8084-644CDB4A26DD}.Debug|Any CPU.ActiveCfg = Debug|Any CPU
		{4EE1A8EE-F539-4D5A-8084-644CDB4A26DD}.Debug|Any CPU.Build.0 = Debug|Any CPU
		{4EE1A8EE-F539-4D5A-8084-644CDB4A26DD}.Release|Any CPU.ActiveCfg = Release|Any CPU
		{4EE1A8EE-F539-4D5A-8084-644CDB4A26DD}.Release|Any CPU.Build.0 = Release|Any CPU
	EndGlobalSection
	GlobalSection(SolutionProperties) = preSolution
		HideSolutionNode = FALSE
	EndGlobalSection
	GlobalSection(ExtensibilityGlobals) = postSolution
		SolutionGuid = {3EED7A13-D921-40E1-9522-1CF8975CB993}
	EndGlobalSection
EndGlobal
