
Microsoft Visual Studio Solution File, Format Version 12.00
# Visual Studio Version 17
VisualStudioVersion = 17.13.35919.96 d17.13
MinimumVisualStudioVersion = 10.0.40219.1
Project("{FAE04EC0-301F-11D3-BF4B-00C04F79EFBC}") = "링크드리스트", "링크드리스트\링크드리스트.csproj", "{B504DD20-4E69-4835-9E3A-B18EC3DBFCDD}"
EndProject
Global
	GlobalSection(SolutionConfigurationPlatforms) = preSolution
		Debug|Any CPU = Debug|Any CPU
		Release|Any CPU = Release|Any CPU
	EndGlobalSection
	GlobalSection(ProjectConfigurationPlatforms) = postSolution
		{B504DD20-4E69-4835-9E3A-B18EC3DBFCDD}.Debug|Any CPU.ActiveCfg = Debug|Any CPU
		{B504DD20-4E69-4835-9E3A-B18EC3DBFCDD}.Debug|Any CPU.Build.0 = Debug|Any CPU
		{B504DD20-4E69-4835-9E3A-B18EC3DBFCDD}.Release|Any CPU.ActiveCfg = Release|Any CPU
		{B504DD20-4E69-4835-9E3A-B18EC3DBFCDD}.Release|Any CPU.Build.0 = Release|Any CPU
	EndGlobalSection
	GlobalSection(SolutionProperties) = preSolution
		HideSolutionNode = FALSE
	EndGlobalSection
	GlobalSection(ExtensibilityGlobals) = postSolution
		SolutionGuid = {266ACE7E-2B2B-49B8-8504-3595D2C06195}
	EndGlobalSection
EndGlobal
