
Microsoft Visual Studio Solution File, Format Version 12.00
# Visual Studio Version 17
VisualStudioVersion = 17.13.35913.81 d17.13
MinimumVisualStudioVersion = 10.0.40219.1
Project("{FAE04EC0-301F-11D3-BF4B-00C04F79EFBC}") = "제넥릭(generic)", "제넥릭(generic)\제넥릭(generic).csproj", "{CF048DF3-47B6-4CB9-9B8A-3CE6E2FE3D02}"
EndProject
Global
	GlobalSection(SolutionConfigurationPlatforms) = preSolution
		Debug|Any CPU = Debug|Any CPU
		Release|Any CPU = Release|Any CPU
	EndGlobalSection
	GlobalSection(ProjectConfigurationPlatforms) = postSolution
		{CF048DF3-47B6-4CB9-9B8A-3CE6E2FE3D02}.Debug|Any CPU.ActiveCfg = Debug|Any CPU
		{CF048DF3-47B6-4CB9-9B8A-3CE6E2FE3D02}.Debug|Any CPU.Build.0 = Debug|Any CPU
		{CF048DF3-47B6-4CB9-9B8A-3CE6E2FE3D02}.Release|Any CPU.ActiveCfg = Release|Any CPU
		{CF048DF3-47B6-4CB9-9B8A-3CE6E2FE3D02}.Release|Any CPU.Build.0 = Release|Any CPU
	EndGlobalSection
	GlobalSection(SolutionProperties) = preSolution
		HideSolutionNode = FALSE
	EndGlobalSection
	GlobalSection(ExtensibilityGlobals) = postSolution
		SolutionGuid = {3D7FE8BF-B251-4B1E-8366-1C7031FA1206}
	EndGlobalSection
EndGlobal
