
Microsoft Visual Studio Solution File, Format Version 12.00
# Visual Studio Version 17
VisualStudioVersion = 17.13.35919.96 d17.13
MinimumVisualStudioVersion = 10.0.40219.1
Project("{FAE04EC0-301F-11D3-BF4B-00C04F79EFBC}") = "탐색", "탐색\탐색.csproj", "{81C7BCE5-0878-4215-B5CC-EE99BE951B6A}"
EndProject
Global
	GlobalSection(SolutionConfigurationPlatforms) = preSolution
		Debug|Any CPU = Debug|Any CPU
		Release|Any CPU = Release|Any CPU
	EndGlobalSection
	GlobalSection(ProjectConfigurationPlatforms) = postSolution
		{81C7BCE5-0878-4215-B5CC-EE99BE951B6A}.Debug|Any CPU.ActiveCfg = Debug|Any CPU
		{81C7BCE5-0878-4215-B5CC-EE99BE951B6A}.Debug|Any CPU.Build.0 = Debug|Any CPU
		{81C7BCE5-0878-4215-B5CC-EE99BE951B6A}.Release|Any CPU.ActiveCfg = Release|Any CPU
		{81C7BCE5-0878-4215-B5CC-EE99BE951B6A}.Release|Any CPU.Build.0 = Release|Any CPU
	EndGlobalSection
	GlobalSection(SolutionProperties) = preSolution
		HideSolutionNode = FALSE
	EndGlobalSection
	GlobalSection(ExtensibilityGlobals) = postSolution
		SolutionGuid = {6FEA8337-1BF7-443C-906C-A8E9E98A2A8E}
	EndGlobalSection
EndGlobal
