
Microsoft Visual Studio Solution File, Format Version 12.00
# Visual Studio Version 17
VisualStudioVersion = 17.13.35913.81 d17.13
MinimumVisualStudioVersion = 10.0.40219.1
Project("{FAE04EC0-301F-11D3-BF4B-00C04F79EFBC}") = "실습", "실습\실습.csproj", "{F55602C5-ED49-4F43-BA43-6A674659B92B}"
EndProject
Global
	GlobalSection(SolutionConfigurationPlatforms) = preSolution
		Debug|Any CPU = Debug|Any CPU
		Release|Any CPU = Release|Any CPU
	EndGlobalSection
	GlobalSection(ProjectConfigurationPlatforms) = postSolution
		{F55602C5-ED49-4F43-BA43-6A674659B92B}.Debug|Any CPU.ActiveCfg = Debug|Any CPU
		{F55602C5-ED49-4F43-BA43-6A674659B92B}.Debug|Any CPU.Build.0 = Debug|Any CPU
		{F55602C5-ED49-4F43-BA43-6A674659B92B}.Release|Any CPU.ActiveCfg = Release|Any CPU
		{F55602C5-ED49-4F43-BA43-6A674659B92B}.Release|Any CPU.Build.0 = Release|Any CPU
	EndGlobalSection
	GlobalSection(SolutionProperties) = preSolution
		HideSolutionNode = FALSE
	EndGlobalSection
	GlobalSection(ExtensibilityGlobals) = postSolution
		SolutionGuid = {DF0CB0A2-94CA-4601-B0DB-2E9F0FE134BB}
	EndGlobalSection
EndGlobal
