
Microsoft Visual Studio Solution File, Format Version 12.00
# Visual Studio Version 17
VisualStudioVersion = 17.13.35913.81 d17.13
MinimumVisualStudioVersion = 10.0.40219.1
Project("{FAE04EC0-301F-11D3-BF4B-00C04F79EFBC}") = "250325_강민혁", "250325_강민혁\250325_강민혁.csproj", "{2C2184F0-0638-4127-BEFC-CAC841829474}"
EndProject
Global
	GlobalSection(SolutionConfigurationPlatforms) = preSolution
		Debug|Any CPU = Debug|Any CPU
		Release|Any CPU = Release|Any CPU
	EndGlobalSection
	GlobalSection(ProjectConfigurationPlatforms) = postSolution
		{2C2184F0-0638-4127-BEFC-CAC841829474}.Debug|Any CPU.ActiveCfg = Debug|Any CPU
		{2C2184F0-0638-4127-BEFC-CAC841829474}.Debug|Any CPU.Build.0 = Debug|Any CPU
		{2C2184F0-0638-4127-BEFC-CAC841829474}.Release|Any CPU.ActiveCfg = Release|Any CPU
		{2C2184F0-0638-4127-BEFC-CAC841829474}.Release|Any CPU.Build.0 = Release|Any CPU
	EndGlobalSection
	GlobalSection(SolutionProperties) = preSolution
		HideSolutionNode = FALSE
	EndGlobalSection
	GlobalSection(ExtensibilityGlobals) = postSolution
		SolutionGuid = {FED34A62-33D4-46A8-A810-21470A092AFC}
	EndGlobalSection
EndGlobal
