
Microsoft Visual Studio Solution File, Format Version 12.00
# Visual Studio Version 17
VisualStudioVersion = 17.13.35913.81 d17.13
MinimumVisualStudioVersion = 10.0.40219.1
Project("{FAE04EC0-301F-11D3-BF4B-00C04F79EFBC}") = "추상클래스", "추상클래스\추상클래스.csproj", "{8A4AA0D9-D8AF-44C8-A316-418D9F00041A}"
EndProject
Global
	GlobalSection(SolutionConfigurationPlatforms) = preSolution
		Debug|Any CPU = Debug|Any CPU
		Release|Any CPU = Release|Any CPU
	EndGlobalSection
	GlobalSection(ProjectConfigurationPlatforms) = postSolution
		{8A4AA0D9-D8AF-44C8-A316-418D9F00041A}.Debug|Any CPU.ActiveCfg = Debug|Any CPU
		{8A4AA0D9-D8AF-44C8-A316-418D9F00041A}.Debug|Any CPU.Build.0 = Debug|Any CPU
		{8A4AA0D9-D8AF-44C8-A316-418D9F00041A}.Release|Any CPU.ActiveCfg = Release|Any CPU
		{8A4AA0D9-D8AF-44C8-A316-418D9F00041A}.Release|Any CPU.Build.0 = Release|Any CPU
	EndGlobalSection
	GlobalSection(SolutionProperties) = preSolution
		HideSolutionNode = FALSE
	EndGlobalSection
	GlobalSection(ExtensibilityGlobals) = postSolution
		SolutionGuid = {FAF1E6EF-0D2A-42ED-AF71-DCFEDF114779}
	EndGlobalSection
EndGlobal
